
Microsoft Visual Studio Solution File, Format Version 12.00
# Visual Studio Version 17
VisualStudioVersion = 17.14.37502.11 d17.14
MinimumVisualStudioVersion = 10.0.40219.1
Project("{FAE04EC0-301F-11D3-BF4B-00C04F79EFBC}") = "Semantic Kernel Installation", "Semantic Kernel Installation\Semantic Kernel Installation.csproj", "{F1AC6EC2-A7DD-445A-9932-7FB6B12676B2}"
EndProject
Project("{FAE04EC0-301F-11D3-BF4B-00C04F79EFBC}") = "SemanticKernel", "SemanticKernel\SemanticKernel.csproj", "{ADB23959-C8B1-44E4-9034-09D2E97E4E06}"
EndProject
Global
	GlobalSection(SolutionConfigurationPlatforms) = preSolution
		Debug|Any CPU = Debug|Any CPU
		Release|Any CPU = Release|Any CPU
	EndGlobalSection
	GlobalSection(ProjectConfigurationPlatforms) = postSolution
		{F1AC6EC2-A7DD-445A-9932-7FB6B12676B2}.Debug|Any CPU.ActiveCfg = Debug|Any CPU
		{F1AC6EC2-A7DD-445A-9932-7FB6B12676B2}.Debug|Any CPU.Build.0 = Debug|Any CPU
		{F1AC6EC2-A7DD-445A-9932-7FB6B12676B2}.Release|Any CPU.ActiveCfg = Release|Any CPU
		{F1AC6EC2-A7DD-445A-9932-7FB6B12676B2}.Release|Any CPU.Build.0 = Release|Any CPU
		{ADB23959-C8B1-44E4-9034-09D2E97E4E06}.Debug|Any CPU.ActiveCfg = Debug|Any CPU
		{ADB23959-C8B1-44E4-9034-09D2E97E4E06}.Debug|Any CPU.Build.0 = Debug|Any CPU
		{ADB23959-C8B1-44E4-9034-09D2E97E4E06}.Release|Any CPU.ActiveCfg = Release|Any CPU
		{ADB23959-C8B1-44E4-9034-09D2E97E4E06}.Release|Any CPU.Build.0 = Release|Any CPU
	EndGlobalSection
	GlobalSection(SolutionProperties) = preSolution
		HideSolutionNode = FALSE
	EndGlobalSection
	GlobalSection(ExtensibilityGlobals) = postSolution
		SolutionGuid = {993A5B9F-EFD0-494F-9100-B99C73EB91F0}
	EndGlobalSection
EndGlobal
